
Microsoft Visual Studio Solution File, Format Version 12.00
# Visual Studio 15
VisualStudioVersion = 15.0.27428.2037
MinimumVisualStudioVersion = 10.0.40219.1
Project("{FAE04EC0-301F-11D3-BF4B-00C04F79EFBC}") = "dotNETCore_xUnit_FluentAssertions_Example", "dotNETCore_xUnit_FluentAssertions_Example\dotNETCore_xUnit_FluentAssertions_Example.csproj", "{DAA57806-7A19-421F-9EA7-3387F38012B2}"
EndProject
Project("{FAE04EC0-301F-11D3-BF4B-00C04F79EFBC}") = "dotNETCore_xUnit_FluentAssertions_Example_Test", "dotNETCore_xUnit_FluentAssertions_Example_Test\dotNETCore_xUnit_FluentAssertions_Example_Test.csproj", "{1DB96FF1-00F8-4132-86C8-4A59C1C0F367}"
EndProject
Global
	GlobalSection(SolutionConfigurationPlatforms) = preSolution
		Debug|Any CPU = Debug|Any CPU
		Release|Any CPU = Release|Any CPU
	EndGlobalSection
	GlobalSection(ProjectConfigurationPlatforms) = postSolution
		{DAA57806-7A19-421F-9EA7-3387F38012B2}.Debug|Any CPU.ActiveCfg = Debug|Any CPU
		{DAA57806-7A19-421F-9EA7-3387F38012B2}.Debug|Any CPU.Build.0 = Debug|Any CPU
		{DAA57806-7A19-421F-9EA7-3387F38012B2}.Release|Any CPU.ActiveCfg = Release|Any CPU
		{DAA57806-7A19-421F-9EA7-3387F38012B2}.Release|Any CPU.Build.0 = Release|Any CPU
		{1DB96FF1-00F8-4132-86C8-4A59C1C0F367}.Debug|Any CPU.ActiveCfg = Debug|Any CPU
		{1DB96FF1-00F8-4132-86C8-4A59C1C0F367}.Debug|Any CPU.Build.0 = Debug|Any CPU
		{1DB96FF1-00F8-4132-86C8-4A59C1C0F367}.Release|Any CPU.ActiveCfg = Release|Any CPU
		{1DB96FF1-00F8-4132-86C8-4A59C1C0F367}.Release|Any CPU.Build.0 = Release|Any CPU
	EndGlobalSection
	GlobalSection(SolutionProperties) = preSolution
		HideSolutionNode = FALSE
	EndGlobalSection
	GlobalSection(ExtensibilityGlobals) = postSolution
		SolutionGuid = {75C85040-1215-4567-BA63-787E59E33B60}
	EndGlobalSection
EndGlobal
